{
  "name": "front",
  "lockfileVersion": 3,
  "requires": true,
  "packages": {
    "": {
      "dependencies": {
        "angular-calendar": "^0.31.1",
        "date-fns": "^4.1.0"
      }
    },
    "node_modules/@angular/core": {
      "version": "20.0.4",
      "resolved": "https://registry.npmjs.org/@angular/core/-/core-20.0.4.tgz",
      "integrity": "sha512-JhSl3B6CrJ9kegLffgWVFGF4D4bWLV/9r8R0+h78vU+ppdPFPWDha7WnirF31cPIg3pBzy6wn103Kcy9Ri5M5w==",
      "license": "MIT",
      "peer": true,
      "dependencies": {
        "tslib": "^2.3.0"
      },
      "engines": {
        "node": "^20.19.0 || ^22.12.0 || >=24.0.0"
      },
      "peerDependencies": {
        "@angular/compiler": "20.0.4",
        "rxjs": "^6.5.3 || ^7.4.0",
        "zone.js": "~0.15.0"
      },
      "peerDependenciesMeta": {
        "@angular/compiler": {
          "optional": true
        },
        "zone.js": {
          "optional": true
        }
      }
    },
    "node_modules/@mattlewis92/dom-autoscroller": {
      "version": "2.4.2",
      "resolved": "https://registry.npmjs.org/@mattlewis92/dom-autoscroller/-/dom-autoscroller-2.4.2.tgz",
      "integrity": "sha512-YbrUWREPGEjE/FU6foXcAT1YbVwqD/jkYnY1dFb0o4AxtP3s4xKBthlELjndZih8uwsDWgQZx1eNskRNe2BgZQ==",
      "license": "MIT"
    },
    "node_modules/@scarf/scarf": {
      "version": "1.4.0",
      "resolved": "https://registry.npmjs.org/@scarf/scarf/-/scarf-1.4.0.tgz",
      "integrity": "sha512-xxeapPiUXdZAE3che6f3xogoJPeZgig6omHEy1rIY5WVsB3H2BHNnZH+gHG6x91SCWyQCzWGsuL2Hh3ClO5/qQ==",
      "hasInstallScript": true,
      "license": "Apache-2.0"
    },
    "node_modules/angular-calendar": {
      "version": "0.31.1",
      "resolved": "https://registry.npmjs.org/angular-calendar/-/angular-calendar-0.31.1.tgz",
      "integrity": "sha512-pjSIpoAaUzS/gx+14eOr4hPZhlQ8HxpiZypCSGqJNptq5PD+vOdVQ3h/Aaqnk86GraVcAQPXqfu64MtdKwTVNw==",
      "license": "MIT",
      "dependencies": {
        "@scarf/scarf": "^1.1.1",
        "angular-draggable-droppable": "^8.0.0",
        "angular-resizable-element": "^7.0.0",
        "calendar-utils": "^0.10.4",
        "positioning": "^2.0.1",
        "tslib": "^2.4.1"
      },
      "funding": {
        "url": "https://github.com/sponsors/mattlewis92"
      },
      "peerDependencies": {
        "@angular/core": ">=15.0.0"
      }
    },
    "node_modules/angular-draggable-droppable": {
      "version": "8.0.0",
      "resolved": "https://registry.npmjs.org/angular-draggable-droppable/-/angular-draggable-droppable-8.0.0.tgz",
      "integrity": "sha512-+gpSNBbygjV1pxTxsM3UPJKcXHXJabYoTtKcgQe74rGnb1umKc07XCBD1qDzvlG/kocthvhQ12qfYOYzHnE3ZA==",
      "license": "MIT",
      "dependencies": {
        "@mattlewis92/dom-autoscroller": "^2.4.2",
        "tslib": "^2.4.1"
      },
      "peerDependencies": {
        "@angular/core": ">=15.0.0"
      }
    },
    "node_modules/angular-resizable-element": {
      "version": "7.0.2",
      "resolved": "https://registry.npmjs.org/angular-resizable-element/-/angular-resizable-element-7.0.2.tgz",
      "integrity": "sha512-/BGuNiA38n9klexHO1xgnsA3VYigj9v+jUGjKtBRgfB26bCxZKsNWParSu2k3EqbATrfAJC4Nl8f7cORpJFf4w==",
      "license": "MIT",
      "dependencies": {
        "tslib": "^2.3.0"
      },
      "peerDependencies": {
        "@angular/core": ">=15.0.0"
      }
    },
    "node_modules/calendar-utils": {
      "version": "0.10.4",
      "resolved": "https://registry.npmjs.org/calendar-utils/-/calendar-utils-0.10.4.tgz",
      "integrity": "sha512-gBK4xCJ42yjaUKwuUha6cZOfxAmGzvSgbdAaX3xLRioeKbYoOK1x1qeD6dch72rsMZlTgATPbBBx42bnkStqgQ==",
      "license": "MIT"
    },
    "node_modules/date-fns": {
      "version": "4.1.0",
      "resolved": "https://registry.npmjs.org/date-fns/-/date-fns-4.1.0.tgz",
      "integrity": "sha512-Ukq0owbQXxa/U3EGtsdVBkR1w7KOQ5gIBqdH2hkvknzZPYvBxb/aa6E8L7tmjFtkwZBu3UXBbjIgPo/Ez4xaNg==",
      "license": "MIT",
      "funding": {
        "type": "github",
        "url": "https://github.com/sponsors/kossnocorp"
      }
    },
    "node_modules/positioning": {
      "version": "2.0.1",
      "resolved": "https://registry.npmjs.org/positioning/-/positioning-2.0.1.tgz",
      "integrity": "sha512-DsAgM42kV/ObuwlRpAzDTjH9E8fGKkMDJHWFX+kfNXSxh7UCCQxEmdjv/Ws5Ft1XDnt3JT8fIDYeKNSE2TbttA==",
      "license": "MIT"
    },
    "node_modules/rxjs": {
      "version": "7.8.2",
      "resolved": "https://registry.npmjs.org/rxjs/-/rxjs-7.8.2.tgz",
      "integrity": "sha512-dhKf903U/PQZY6boNNtAGdWbG85WAbjT/1xYoZIC7FAY0yWapOBQVsVrDl58W86//e1VpMNBtRV4MaXfdMySFA==",
      "license": "Apache-2.0",
      "peer": true,
      "dependencies": {
        "tslib": "^2.1.0"
      }
    },
    "node_modules/tslib": {
      "version": "2.8.1",
      "resolved": "https://registry.npmjs.org/tslib/-/tslib-2.8.1.tgz",
      "integrity": "sha512-oJFu94HQb+KVduSUQL7wnpmqnfmLsOA/nAh6b6EH0wCEoK0/mPeXU6c3wKDV83MkOuHPRHtSXKKU99IBazS/2w==",
      "license": "0BSD"
    }
  }
}
